{
  "version": "5",
  "specifiers": {
    "jsr:@eta-dev/eta@^3.5.0": "3.5.0",
    "jsr:@logtape/logtape@0.7": "0.7.2",
    "jsr:@std/fs@1": "1.0.21",
    "jsr:@std/internal@^1.0.12": "1.0.12",
    "jsr:@std/media-types@1": "1.1.0",
    "jsr:@std/path@^1.1.0": "1.1.4",
    "jsr:@std/path@^1.1.4": "1.1.4",
    "npm:@types/node@*": "24.2.0",
    "npm:zod@^3.24.1": "3.25.76"
  },
  "jsr": {
    "@eta-dev/eta@3.5.0": {
      "integrity": "6b70827efc14c7cbf08498ac7a922ecab003641caf3852a6cb5b1b12ee58fb37"
    },
    "@logtape/logtape@0.7.2": {
      "integrity": "01902b6b77cf7bab321603365f35dad3d50396e67013b6e2d5691b6778ed353f"
    },
    "@std/fs@1.0.21": {
      "integrity": "d720fe1056d78d43065a4d6e0eeb2b19f34adb8a0bc7caf3a4dbf1d4178252cd",
      "dependencies": [
        "jsr:@std/path@^1.1.4"
      ]
    },
    "@std/internal@1.0.12": {
      "integrity": "972a634fd5bc34b242024402972cd5143eac68d8dffaca5eaa4dba30ce17b027"
    },
    "@std/media-types@1.1.0": {
      "integrity": "c9d093f0c05c3512932b330e3cc1fe1d627b301db33a4c2c2185c02471d6eaa4"
    },
    "@std/path@1.1.4": {
      "integrity": "1d2d43f39efb1b42f0b1882a25486647cb851481862dc7313390b2bb044314b5",
      "dependencies": [
        "jsr:@std/internal"
      ]
    }
  },
  "npm": {
    "@types/node@24.2.0": {
      "integrity": "sha512-3xyG3pMCq3oYCNg7/ZP+E1ooTaGB4cG8JWRsqqOYQdbWNY4zbaV0Ennrd7stjiJEFZCaybcIgpTjJWHRfBSIDw==",
      "dependencies": [
        "undici-types"
      ]
    },
    "undici-types@7.10.0": {
      "integrity": "sha512-t5Fy/nfn+14LuOc2KNYg75vZqClpAiqscVvMygNnlsHBFpSXdJaYtXMcdNLpl/Qvc3P2cB3s6lOV51nqsFq4ag=="
    },
    "zod@3.25.76": {
      "integrity": "sha512-gzUt/qt81nXsFGKIFcC3YnfEAx5NkunCfnDlvuBSSFS02bcXu4Lmea0AFIUwbLWxWPx3d9p8S5QoaujKcNQxcQ=="
    }
  },
  "redirects": {
    "https://esm.sh/@types/d3-array@~3.2.2/index.d.ts": "https://esm.sh/@types/d3-array@3.2.2/index.d.ts",
    "https://esm.sh/@types/d3-color@~3.1.3/index.d.ts": "https://esm.sh/@types/d3-color@3.1.3/index.d.ts",
    "https://esm.sh/@types/d3-delaunay@~6.0.4/index.d.ts": "https://esm.sh/@types/d3-delaunay@6.0.4/index.d.ts",
    "https://esm.sh/@types/d3-dispatch@~3.0.7/index.d.ts": "https://esm.sh/@types/d3-dispatch@3.0.7/index.d.ts",
    "https://esm.sh/@types/d3-dsv@~3.0.7/index.d.ts": "https://esm.sh/@types/d3-dsv@3.0.7/index.d.ts",
    "https://esm.sh/@types/d3-force@~3.0.10/index.d.ts": "https://esm.sh/@types/d3-force@3.0.10/index.d.ts",
    "https://esm.sh/@types/d3-format@~3.0.4/index.d.ts": "https://esm.sh/@types/d3-format@3.0.4/index.d.ts",
    "https://esm.sh/@types/d3-geo@~3.1.0/index.d.ts": "https://esm.sh/@types/d3-geo@3.1.0/index.d.ts",
    "https://esm.sh/@types/d3-hierarchy@~3.1.7/index.d.ts": "https://esm.sh/@types/d3-hierarchy@3.1.7/index.d.ts",
    "https://esm.sh/@types/d3-interpolate@~3.0.4/index.d.ts": "https://esm.sh/@types/d3-interpolate@3.0.4/index.d.ts",
    "https://esm.sh/@types/d3-path@~3.1.1/index.d.ts": "https://esm.sh/@types/d3-path@3.1.1/index.d.ts",
    "https://esm.sh/@types/d3-quadtree@~3.0.6/index.d.ts": "https://esm.sh/@types/d3-quadtree@3.0.6/index.d.ts",
    "https://esm.sh/@types/d3-scale-chromatic@~3.1.0/index.d.ts": "https://esm.sh/@types/d3-scale-chromatic@3.1.0/index.d.ts",
    "https://esm.sh/@types/d3-scale@~4.0.9/index.d.ts": "https://esm.sh/@types/d3-scale@4.0.9/index.d.ts",
    "https://esm.sh/@types/d3-shape@~3.1.7/index.d.ts": "https://esm.sh/@types/d3-shape@3.1.7/index.d.ts",
    "https://esm.sh/@types/d3-time-format@~4.0.3/index.d.ts": "https://esm.sh/@types/d3-time-format@4.0.3/index.d.ts",
    "https://esm.sh/@types/d3-time@~3.0.4/index.d.ts": "https://esm.sh/@types/d3-time@3.0.4/index.d.ts",
    "https://esm.sh/@types/d3-timer@~3.0.2/index.d.ts": "https://esm.sh/@types/d3-timer@3.0.2/index.d.ts",
    "https://esm.sh/@types/delaunator@~5.0.3/index.d.ts": "https://esm.sh/@types/delaunator@5.0.3/index.d.ts",
    "https://esm.sh/@types/topojson-client@~3.1.5/index.d.ts": "https://esm.sh/@types/topojson-client@3.1.5/index.d.ts",
    "https://esm.sh/d3-array@^3.2.4?target=denonext": "https://esm.sh/d3-array@3.2.4?target=denonext",
    "https://esm.sh/d3-color@^3.1.0?target=denonext": "https://esm.sh/d3-color@3.1.0?target=denonext",
    "https://esm.sh/d3-delaunay@^6.0.4?target=denonext": "https://esm.sh/d3-delaunay@6.0.4?target=denonext",
    "https://esm.sh/d3-dispatch@^3.0.1?target=denonext": "https://esm.sh/d3-dispatch@3.0.1?target=denonext",
    "https://esm.sh/d3-dsv@^3.0.1?target=denonext": "https://esm.sh/d3-dsv@3.0.1?target=denonext",
    "https://esm.sh/d3-force@^3.0.0?target=denonext": "https://esm.sh/d3-force@3.0.0?target=denonext",
    "https://esm.sh/d3-format@^3.1.0?target=denonext": "https://esm.sh/d3-format@3.1.0?target=denonext",
    "https://esm.sh/d3-geo-projection@^4.0.0?target=denonext": "https://esm.sh/d3-geo-projection@4.0.0?target=denonext",
    "https://esm.sh/d3-geo@^3.1.1?target=denonext": "https://esm.sh/d3-geo@3.1.1?target=denonext",
    "https://esm.sh/d3-hierarchy@^3.1.2?target=denonext": "https://esm.sh/d3-hierarchy@3.1.2?target=denonext",
    "https://esm.sh/d3-interpolate@^3.0.1?target=denonext": "https://esm.sh/d3-interpolate@3.0.1?target=denonext",
    "https://esm.sh/d3-path@^3.1.0?target=denonext": "https://esm.sh/d3-path@3.1.0?target=denonext",
    "https://esm.sh/d3-quadtree@^3.0.1?target=denonext": "https://esm.sh/d3-quadtree@3.0.1?target=denonext",
    "https://esm.sh/d3-scale-chromatic@^3.1.0?target=denonext": "https://esm.sh/d3-scale-chromatic@3.1.0?target=denonext",
    "https://esm.sh/d3-scale@^4.0.2?target=denonext": "https://esm.sh/d3-scale@4.0.2?target=denonext",
    "https://esm.sh/d3-shape@^3.2.0?target=denonext": "https://esm.sh/d3-shape@3.2.0?target=denonext",
    "https://esm.sh/d3-time-format@^4.1.0?target=denonext": "https://esm.sh/d3-time-format@4.1.0?target=denonext",
    "https://esm.sh/d3-time@^3.1.0?target=denonext": "https://esm.sh/d3-time@3.1.0?target=denonext",
    "https://esm.sh/d3-timer@^3.0.1?target=denonext": "https://esm.sh/d3-timer@3.0.1?target=denonext",
    "https://esm.sh/delaunator@5?target=denonext": "https://esm.sh/delaunator@5.0.1?target=denonext",
    "https://esm.sh/internmap@^2.0.3?target=denonext": "https://esm.sh/internmap@2.0.3?target=denonext",
    "https://esm.sh/robust-predicates@^3.0.2?target=denonext": "https://esm.sh/robust-predicates@3.0.2?target=denonext",
    "https://esm.sh/topojson-client@^3.1.0?target=denonext": "https://esm.sh/topojson-client@3.1.0?target=denonext",
    "https://esm.sh/vega-canvas@^2.0.0?target=denonext": "https://esm.sh/vega-canvas@2.0.0?target=denonext",
    "https://esm.sh/vega-crossfilter@~5.0.0?target=denonext": "https://esm.sh/vega-crossfilter@5.0.0?target=denonext",
    "https://esm.sh/vega-dataflow@^6.0.0?target=denonext": "https://esm.sh/vega-dataflow@6.0.0?target=denonext",
    "https://esm.sh/vega-dataflow@~6.0.0?target=denonext": "https://esm.sh/vega-dataflow@6.0.0?target=denonext",
    "https://esm.sh/vega-encode@~5.0.0?target=denonext": "https://esm.sh/vega-encode@5.0.0?target=denonext",
    "https://esm.sh/vega-event-selector@^4.0.0?target=denonext": "https://esm.sh/vega-event-selector@4.0.0?target=denonext",
    "https://esm.sh/vega-event-selector@~4.0.0?target=denonext": "https://esm.sh/vega-event-selector@4.0.0?target=denonext",
    "https://esm.sh/vega-expression@^6.0.0?target=denonext": "https://esm.sh/vega-expression@6.0.0?target=denonext",
    "https://esm.sh/vega-expression@~6.0.0?target=denonext": "https://esm.sh/vega-expression@6.0.0?target=denonext",
    "https://esm.sh/vega-force@~5.0.0?target=denonext": "https://esm.sh/vega-force@5.0.0?target=denonext",
    "https://esm.sh/vega-format@^2.0.0?target=denonext": "https://esm.sh/vega-format@2.0.0?target=denonext",
    "https://esm.sh/vega-format@~2.0.0?target=denonext": "https://esm.sh/vega-format@2.0.0?target=denonext",
    "https://esm.sh/vega-functions@^6.0.0?target=denonext": "https://esm.sh/vega-functions@6.0.0?target=denonext",
    "https://esm.sh/vega-functions@~6.0.0?target=denonext": "https://esm.sh/vega-functions@6.0.0?target=denonext",
    "https://esm.sh/vega-geo@~5.0.0?target=denonext": "https://esm.sh/vega-geo@5.0.0?target=denonext",
    "https://esm.sh/vega-hierarchy@~5.0.0?target=denonext": "https://esm.sh/vega-hierarchy@5.0.0?target=denonext",
    "https://esm.sh/vega-label@~2.0.0?target=denonext": "https://esm.sh/vega-label@2.0.0?target=denonext",
    "https://esm.sh/vega-loader@^5.0.0?target=denonext": "https://esm.sh/vega-loader@5.0.0?target=denonext",
    "https://esm.sh/vega-loader@~5.0.0?target=denonext": "https://esm.sh/vega-loader@5.0.0?target=denonext",
    "https://esm.sh/vega-parser@~7.0.0?target=denonext": "https://esm.sh/vega-parser@7.0.0?target=denonext",
    "https://esm.sh/vega-projection@^2.0.0?target=denonext": "https://esm.sh/vega-projection@2.0.0?target=denonext",
    "https://esm.sh/vega-projection@~2.0.0?target=denonext": "https://esm.sh/vega-projection@2.0.0?target=denonext",
    "https://esm.sh/vega-regression@~2.0.0?target=denonext": "https://esm.sh/vega-regression@2.0.0?target=denonext",
    "https://esm.sh/vega-runtime@^7.0.0?target=denonext": "https://esm.sh/vega-runtime@7.0.0?target=denonext",
    "https://esm.sh/vega-runtime@~7.0.0?target=denonext": "https://esm.sh/vega-runtime@7.0.0?target=denonext",
    "https://esm.sh/vega-scale@^8.0.0?target=denonext": "https://esm.sh/vega-scale@8.0.0?target=denonext",
    "https://esm.sh/vega-scale@~8.0.0?target=denonext": "https://esm.sh/vega-scale@8.0.0?target=denonext",
    "https://esm.sh/vega-scenegraph@^5.0.0?target=denonext": "https://esm.sh/vega-scenegraph@5.0.0?target=denonext",
    "https://esm.sh/vega-scenegraph@~5.0.0?target=denonext": "https://esm.sh/vega-scenegraph@5.0.0?target=denonext",
    "https://esm.sh/vega-selections@^6.0.0?target=denonext": "https://esm.sh/vega-selections@6.0.0?target=denonext",
    "https://esm.sh/vega-statistics@^2.0.0?target=denonext": "https://esm.sh/vega-statistics@2.0.0?target=denonext",
    "https://esm.sh/vega-statistics@~2.0.0?target=denonext": "https://esm.sh/vega-statistics@2.0.0?target=denonext",
    "https://esm.sh/vega-time@^3.0.0?target=denonext": "https://esm.sh/vega-time@3.0.0?target=denonext",
    "https://esm.sh/vega-time@~3.0.0?target=denonext": "https://esm.sh/vega-time@3.0.0?target=denonext",
    "https://esm.sh/vega-transforms@~5.0.0?target=denonext": "https://esm.sh/vega-transforms@5.0.0?target=denonext",
    "https://esm.sh/vega-util@^2.0.0?target=denonext": "https://esm.sh/vega-util@2.0.0?target=denonext",
    "https://esm.sh/vega-util@~2.0.0?target=denonext": "https://esm.sh/vega-util@2.0.0?target=denonext",
    "https://esm.sh/vega-view-transforms@~5.0.0?target=denonext": "https://esm.sh/vega-view-transforms@5.0.0?target=denonext",
    "https://esm.sh/vega-view@~6.0.0?target=denonext": "https://esm.sh/vega-view@6.0.0?target=denonext",
    "https://esm.sh/vega-voronoi@~5.0.0?target=denonext": "https://esm.sh/vega-voronoi@5.0.0?target=denonext",
    "https://esm.sh/vega-wordcloud@~5.0.0?target=denonext": "https://esm.sh/vega-wordcloud@5.0.0?target=denonext",
    "https://esm.sh/vega@^6.0.0?target=denonext": "https://esm.sh/vega@6.1.2?target=denonext"
  },
  "remote": {
    "https://esm.sh/d3-array@3.2.4/denonext/d3-array.mjs": "a8659e76cce11138f6be2fb8636a1f74d8cfa7831605967b6970238b80d04d8b",
    "https://esm.sh/d3-array@3.2.4?target=denonext": "4266074d204ab57fcfbe3b73d6259dd41e56d864ca72d20b13e159414fe8c5f5",
    "https://esm.sh/d3-color@3.1.0/denonext/d3-color.mjs": "2e852a0327b74fbcf7cafd66913833423b736b8bf2e163801e74cee61624073a",
    "https://esm.sh/d3-color@3.1.0?target=denonext": "c44248d4b33f57d8791c0994e1eee000e5bbb4a9939d11e2baf5dfa669cab805",
    "https://esm.sh/d3-delaunay@6.0.4/denonext/d3-delaunay.mjs": "f8a5321a6cceb80ef22c84a702287725800796a5fae2db372b24b051e7c6aff8",
    "https://esm.sh/d3-delaunay@6.0.4?target=denonext": "d48fac58d92dc2e75f75663d504a1ae66c538aac6a88d98f4e110f6c1775f5df",
    "https://esm.sh/d3-dispatch@3.0.1/denonext/d3-dispatch.mjs": "b36be2eed6f07b517775df12bde28cb0e778b9a7df04974ce9cb99f7b322a2d6",
    "https://esm.sh/d3-dispatch@3.0.1?target=denonext": "75f32f2a0e7cdddbe15573f1a802fb6bdc46247d038a4b1a2ebde2ad86848c56",
    "https://esm.sh/d3-dsv@3.0.1/denonext/d3-dsv.mjs": "81798ba83d26850ed74f8c336918d283ee2d3a9cf36cd330a35b770376fa04ef",
    "https://esm.sh/d3-dsv@3.0.1?target=denonext": "df2fe1373d8adeb64c44bd1cee552acd6a9a9b6314b2288a42679b3e6638c47f",
    "https://esm.sh/d3-force@3.0.0/denonext/d3-force.mjs": "daa176ee52b7f8f113d4b0c5e31b95bd99b0cd0cd66ca5c7445ab4bdf7c5cb71",
    "https://esm.sh/d3-force@3.0.0?target=denonext": "1a35f3dd1ff127dc27f2b009574d90304693b0a516eac9583df8d0333d61fd8e",
    "https://esm.sh/d3-format@3.1.0/denonext/d3-format.mjs": "de06e6fe57436ec84c146e27a2ccaf444fc5dab14b091afe1e95d985bdfd8219",
    "https://esm.sh/d3-format@3.1.0/denonext/src/defaultLocale.mjs": "dfb5be55e86889631b0db011102c240ff60900347f80df21fe4d9d88ad9d2f06",
    "https://esm.sh/d3-format@3.1.0/denonext/src/exponent.mjs": "3fabc54097b16d594809a42288cbbbb9e3f0b26e88c83633cae2ead4b858e7d4",
    "https://esm.sh/d3-format@3.1.0/denonext/src/formatDecimal.mjs": "22184045739a8af17838956f85c7b747c4b8ad4e744e338d721a96a25c1805a4",
    "https://esm.sh/d3-format@3.1.0/denonext/src/formatGroup.mjs": "bbbcd628338ae27949817f50b2fef27ec808eacbbbc022cb29d62892cc778195",
    "https://esm.sh/d3-format@3.1.0/denonext/src/formatNumerals.mjs": "546ae2fd688a53c7cab1048cc3a4d8e1f9f64546a0d8021e061bc6f30b997d0a",
    "https://esm.sh/d3-format@3.1.0/denonext/src/formatPrefixAuto.mjs": "d4058419991cfc1ff535c5d2c3e556788d935ae9d886e174a306168cb9476cb8",
    "https://esm.sh/d3-format@3.1.0/denonext/src/formatRounded.mjs": "3fe4e8c81bc53cc82ba22564eca9b51f10e59c2a6028b6bf53a24884d9200925",
    "https://esm.sh/d3-format@3.1.0/denonext/src/formatSpecifier.mjs": "d0fce28aa8ff576e938c0817f18ca2e5824fa9a29ec3443fab92851472efac27",
    "https://esm.sh/d3-format@3.1.0/denonext/src/formatTrim.mjs": "bc4bad9a5827dec90c64557083eada6653ef531c64699eec4b8fc4d2fef4f69b",
    "https://esm.sh/d3-format@3.1.0/denonext/src/formatTypes.mjs": "3556878fb52315588adb3c8eb91e16c98e7d91371ece737121f52143a0e7304b",
    "https://esm.sh/d3-format@3.1.0/denonext/src/identity.mjs": "1a5237ada3ebfa0877cfd22b0d61bd5e90177879e0b9bcb31f72f4959ccdce3f",
    "https://esm.sh/d3-format@3.1.0/denonext/src/locale.mjs": "18051fb152a9f4f33bbdb54249bfcee67126a47dfe469fd54c44e108b6b13ba9",
    "https://esm.sh/d3-format@3.1.0/denonext/src/precisionFixed.mjs": "9db700a7ea53bd880348a5c26c89c9536a724c892cd7cb153ef2133e6d7bcc34",
    "https://esm.sh/d3-format@3.1.0/denonext/src/precisionPrefix.mjs": "98157877e57a9ec2470e574c5cceb12da5e3344e0425e30aa9b19da6a8a6ff7b",
    "https://esm.sh/d3-format@3.1.0/denonext/src/precisionRound.mjs": "5ed90c6636ea737e6bc1d522eb4ba60fc389ba6535dcb0c64112bf8ef843d21d",
    "https://esm.sh/d3-format@3.1.0?target=denonext": "c0d64767d08d2e6bc97243e6ceaa1f833f6b172ab8a0173e27ab11466c546aea",
    "https://esm.sh/d3-geo-projection@4.0.0/denonext/d3-geo-projection.mjs": "e87ed18dc0673785407abcffffd994260d688bfbd56f88153b8993fde974913e",
    "https://esm.sh/d3-geo-projection@4.0.0?target=denonext": "505d73c6da8ab5daf686313a78c007ff11fe3586b88a4645004adc5edc4fd9e6",
    "https://esm.sh/d3-geo@3.1.1/denonext/d3-geo.mjs": "c98c715c798ead807108505d44119407cc2c574bd9fd94c1d7594d4dfe1972d5",
    "https://esm.sh/d3-geo@3.1.1?target=denonext": "67851d96be856de5fc4629f04304599d0632e5f9eaaa04501a70c01c58e59828",
    "https://esm.sh/d3-hierarchy@3.1.2/denonext/d3-hierarchy.mjs": "f00cd5a322374a8c790c788cdc5a79dd48b0fa5be016e5c9b77bc43d9bdbcd3e",
    "https://esm.sh/d3-hierarchy@3.1.2?target=denonext": "41ed0806cba567d4cf8a5d84e2a8da7c5fc480f9b1b296e9cc8955d0aac46aef",
    "https://esm.sh/d3-interpolate@3.0.1/denonext/d3-interpolate.mjs": "32e4fd3b94b318bce3c39726e50cbeff6e475e989cccb24072a6331cc2fbef6f",
    "https://esm.sh/d3-interpolate@3.0.1?target=denonext": "d919d1489c7be9cc2f235b39de7b446c77c912c4069d0cf1ca0a90379cce2968",
    "https://esm.sh/d3-path@3.1.0/denonext/d3-path.mjs": "d79581e49a2f7dc620bfc74299b070d858b012456752da7f12315202a4ba7184",
    "https://esm.sh/d3-path@3.1.0?target=denonext": "0efef59a6e67de9fe8cf8053cada892ab342eda9820e5061677c75391a11ef2e",
    "https://esm.sh/d3-quadtree@3.0.1/denonext/d3-quadtree.mjs": "63669e70a8b12b5b242985137283e55688903456bd96757970835edeb6830d81",
    "https://esm.sh/d3-quadtree@3.0.1?target=denonext": "d820b5c5854cf78dfd2793468094f5bb2c55c51b1d890f8503f02f980685fcd7",
    "https://esm.sh/d3-scale-chromatic@3.1.0/denonext/d3-scale-chromatic.mjs": "08342f70bf86d6e237b6c8fe01e8de4de5ea01f4b75697365766cb9dea3c4459",
    "https://esm.sh/d3-scale-chromatic@3.1.0?target=denonext": "8cddeaf82214dbde006b6bdabb038765d5f501bac05f05349e59070b22f806ce",
    "https://esm.sh/d3-scale@4.0.2/denonext/d3-scale.mjs": "1115950dd06d8026626e11229c846375f294a1cd1bd7f741b93c0dcb8fb0780a",
    "https://esm.sh/d3-scale@4.0.2?target=denonext": "f4225cdaa2d020f7ec7785a3e984c20b81f3022097a4b440e50c7825d916afa1",
    "https://esm.sh/d3-shape@3.2.0/denonext/d3-shape.mjs": "7c0476ea9d9760eec7493c61af2b725a1b2f59df40853a216bee53cf5920ff64",
    "https://esm.sh/d3-shape@3.2.0?target=denonext": "08207dbafaa679cbc1346c3c290cf3a179a32b029b5e958639ede04881285133",
    "https://esm.sh/d3-time-format@4.1.0/denonext/d3-time-format.mjs": "6439e52bacb8523679a21f687afcf00053a5fd746f0082029623fdceed767ae4",
    "https://esm.sh/d3-time-format@4.1.0/denonext/src/defaultLocale.mjs": "b9454dea3f10f2b51d249f5f1a8b19873afe8acbbdf119188854e99f22a809ec",
    "https://esm.sh/d3-time-format@4.1.0/denonext/src/isoFormat.mjs": "935278d7dd8b2d40cebb6c31abd772c05f26172bff30b7b456cf05c8f899007d",
    "https://esm.sh/d3-time-format@4.1.0/denonext/src/isoParse.mjs": "f4e93c15fa87c3862711cfdeb172b12a727795be94982e328d245a31d599557c",
    "https://esm.sh/d3-time-format@4.1.0/denonext/src/locale.mjs": "ac17c35b00d95a540a6a66e38db2da9bbbe5b1f706be8b54409652b58d5b12b2",
    "https://esm.sh/d3-time-format@4.1.0?target=denonext": "91bddb03aa47c57dbc225451934b777c80e911c93b82c2923a8b875c4b50da0d",
    "https://esm.sh/d3-time@3.1.0/denonext/d3-time.mjs": "019824f1ffdc1e494d992d20c009387eb07d06985b13af28127ded7c76969ba4",
    "https://esm.sh/d3-time@3.1.0?target=denonext": "39f91af316d7e080e5294c8e989c2193cf0179120f3b83c39aa19b9eb0cabc16",
    "https://esm.sh/d3-timer@3.0.1/denonext/d3-timer.mjs": "eb0b5bf822496c4aad63d2ca4832ec29c8a015467f5a685184bec78d2e3e5003",
    "https://esm.sh/d3-timer@3.0.1?target=denonext": "5ee90bdf7721811a8f2020e3779e994dfe881d0c8db53e4ea0f535a032516bc1",
    "https://esm.sh/delaunator@5.0.1/denonext/delaunator.mjs": "94a8e377c1565641c032ebfe7ffb44d64e7793c7b6d667cb2291e21fa08c92a7",
    "https://esm.sh/delaunator@5.0.1?target=denonext": "43d70b1ebc31c77db7943e27d277762c97a2ec72b9449acee66b5efacdb91523",
    "https://esm.sh/internmap@2.0.3/denonext/internmap.mjs": "09707265c3a24383ca1b71aa6d97ab980e91ad4e804f55dec34de6d24a9900b4",
    "https://esm.sh/internmap@2.0.3?target=denonext": "235fe2491d38df4060d092e8b8e882891b7bcb595435dcf9f52d7d38b6d2c534",
    "https://esm.sh/robust-predicates@3.0.2/denonext/robust-predicates.mjs": "8333e9ebc007d4b0f6894c8cd577c0e66c5421a5b7ce8664c659e3d2143dddb2",
    "https://esm.sh/robust-predicates@3.0.2?target=denonext": "c05d88c418e0d44a5b82d29f87f5ac1d935d117fa1122989c4162204ef38f83c",
    "https://esm.sh/topojson-client@3.1.0/denonext/topojson-client.mjs": "56ef2b146e10a1b99b0fc42f2f96bd41931d42e256efd1954724aeee505a7010",
    "https://esm.sh/topojson-client@3.1.0?target=denonext": "e664d697a59fcfdaf0bae03ea35fef8aa44351fc02631c5ccfa9354df03fff5e",
    "https://esm.sh/vega-canvas@2.0.0/denonext/vega-canvas.mjs": "0dc71bce571c56b84ee0142273ab3c0cf90126d7b1ca982d874baf9738f32a92",
    "https://esm.sh/vega-canvas@2.0.0?target=denonext": "4af68ac0a73af833e4eb7f859b8a0e9de849f2c8704bc17be6723949cd5c205b",
    "https://esm.sh/vega-crossfilter@5.0.0/denonext/vega-crossfilter.mjs": "0c2a82d7936b7697ef0916df0d9cba302f51540e5382f59ef31235f80f52e481",
    "https://esm.sh/vega-crossfilter@5.0.0?target=denonext": "c5f31f1341e92d093fb817731d593fbc131f775204d02bfd158b064462d1c84a",
    "https://esm.sh/vega-dataflow@6.0.0/denonext/vega-dataflow.mjs": "0eed7eaf6d119dac93ce39de92052267fe691ea4610ec0a03a0cf98071fdb146",
    "https://esm.sh/vega-dataflow@6.0.0?target=denonext": "9e596ccab9fc3225d40f8e2137521c65278e16b83753c6ec95696926614abe8a",
    "https://esm.sh/vega-encode@5.0.0/denonext/vega-encode.mjs": "97ec47035872e68cc63da3df5e05930f0b0a55b7209655d29848414bdb76b026",
    "https://esm.sh/vega-encode@5.0.0?target=denonext": "8c1700e9eb7f0c2ca633a146c34c654c1764edb8249fee99e778dbf9a9189e37",
    "https://esm.sh/vega-event-selector@4.0.0/denonext/vega-event-selector.mjs": "f501d25e973059e5474a89683bc2b76778224a679812e91ca2efb5f0926d57af",
    "https://esm.sh/vega-event-selector@4.0.0?target=denonext": "e207dd12bf2fec97d354557a30318ce2d1f9b6dc0e9b9c77e6abc4b207522ed6",
    "https://esm.sh/vega-expression@6.0.0/denonext/vega-expression.mjs": "28b4240e192f4250947c07cd949595e0b9f316e0d8ca6e004b4ee0bb91ad92c2",
    "https://esm.sh/vega-expression@6.0.0?target=denonext": "3638edce8620c5ba478060964ee07e45d11441d88a5487b49c42f39cd6b2ed39",
    "https://esm.sh/vega-force@5.0.0/denonext/vega-force.mjs": "85804cd79c06f52da531c6723f16973b94da543d668ff29bc0982603b5ad3d99",
    "https://esm.sh/vega-force@5.0.0?target=denonext": "77c743283c8abc9ace6a3b3a9828a609c2600eec6201a3b559ad08758fd18ef6",
    "https://esm.sh/vega-format@2.0.0/denonext/vega-format.mjs": "004fd158415954655ac59d2e9f8578f8bd0336bb3153c67fac088b6ca32af441",
    "https://esm.sh/vega-format@2.0.0?target=denonext": "a79bcb20f5ecb958d1d54c4789096acccef87f923bdc94c2cf91b8b63ee842dc",
    "https://esm.sh/vega-functions@6.0.0/denonext/vega-functions.mjs": "21fec91566d635bdcb8a01c70b88a4a6f0a028e633bfba0534f0bead4605e50b",
    "https://esm.sh/vega-functions@6.0.0?target=denonext": "cf0b96f9b8ad71b3ca76ff6fb3b525803507035fbe825d4f1169085ab4b101e4",
    "https://esm.sh/vega-geo@5.0.0/denonext/vega-geo.mjs": "0d278f59f043b215296d5df03321f4d1352df2ecf3286378628305ef5bbc6d10",
    "https://esm.sh/vega-geo@5.0.0?target=denonext": "04f5038b8442d4bf2c57a5d2673e5cae6a6d9396c38b69d56d073be081f49af8",
    "https://esm.sh/vega-hierarchy@5.0.0/denonext/vega-hierarchy.mjs": "f54db18ece2eccdd9842f2d2eae38b74a7e15c24e0f251a3159d7d9d558bb9d0",
    "https://esm.sh/vega-hierarchy@5.0.0?target=denonext": "3172a30b28cd934ebeac1f9636ed9f24337175703a8400eb00f39131acee922a",
    "https://esm.sh/vega-label@2.0.0/denonext/vega-label.mjs": "14415f74f421ce0563cc008698966740e9d2b3d5defce04ff509bbb5ee44668b",
    "https://esm.sh/vega-label@2.0.0?target=denonext": "66b15e5ecca7b279cf2b3382db40f0f9cb7b53912ae0669b54a62c53bb1a30c4",
    "https://esm.sh/vega-lite@6.2.0": "f5512dbd195cbb0e61b5480b39c8c93c83e03ed94ac4ce216dd8cc7c60fba943",
    "https://esm.sh/vega-lite@6.2.0/denonext/vega-lite.mjs": "933e220d44b8fbbce5955218cfcae26599c5268dc7107ce3a86b572b906ae5d0",
    "https://esm.sh/vega-loader@5.0.0/denonext/vega-loader.mjs": "d24da2a70fb36afdeef6b23aebd208e854f15c3a98ecd2646eb76004e2f03545",
    "https://esm.sh/vega-loader@5.0.0?target=denonext": "bb5d5e1287f96d02987c1eae0977c587a0441af41ff02f5860e6583a513811c1",
    "https://esm.sh/vega-parser@7.0.0/denonext/vega-parser.mjs": "54747be44e3f46648977906480bdad7850bc4f37295c275038e147801963a4b0",
    "https://esm.sh/vega-parser@7.0.0?target=denonext": "de947780fdbe62af627df9054928b858e85c036a5397ae704a706681e7a7fc8a",
    "https://esm.sh/vega-projection@2.0.0/denonext/vega-projection.mjs": "2123c0b3168e3814c484073869408c40c1cfd108a879778a31ee52c9476a58bc",
    "https://esm.sh/vega-projection@2.0.0?target=denonext": "3b029d2ee705462b05bc966e07d5952fa1a77fddd22d74ee0180c47ee739fab9",
    "https://esm.sh/vega-regression@2.0.0/denonext/vega-regression.mjs": "b79e3e12ef2f8171f6b78435bc4ab50b16ce3da22c9139084eb4cb0eb985f55b",
    "https://esm.sh/vega-regression@2.0.0?target=denonext": "60667d07c810a667ba2db9a16d91753f4760bd40282011cc937ec48f19336045",
    "https://esm.sh/vega-runtime@7.0.0/denonext/vega-runtime.mjs": "03a089a118c134fc4442ca172d7338b9b4d47260962593ad09b30c11a4012b65",
    "https://esm.sh/vega-runtime@7.0.0?target=denonext": "42a35159344964f11a507359d2a0ab1329db18b9a76374dace972e0f9985e816",
    "https://esm.sh/vega-scale@8.0.0/denonext/vega-scale.mjs": "9a31e04746e5b6460c6e973fa85ddf201a6e7af0f3331d3f9d32700d9ccdb6e5",
    "https://esm.sh/vega-scale@8.0.0?target=denonext": "570348bf316d3f034c0638c48c022ca2a1716f9c88954cf150474836e7fcadf7",
    "https://esm.sh/vega-scenegraph@5.0.0/denonext/vega-scenegraph.mjs": "d015360c57b0679119b87ad91095ba4a1c472a15e3df83b1eef82ce47fdb455c",
    "https://esm.sh/vega-scenegraph@5.0.0?target=denonext": "e7369a97cd13ed2dfba4f55bcb9a7507579977aa4585723e3aed37c55ce87548",
    "https://esm.sh/vega-selections@6.0.0/denonext/vega-selections.mjs": "d418a10959e98d041370c58d163287862fc55903f42e1c0e9b24f2b02e61c6dd",
    "https://esm.sh/vega-selections@6.0.0?target=denonext": "62fe4845514b42adca48088f004927ca1ebd6ddc7f06ee11be97882b26a29dae",
    "https://esm.sh/vega-statistics@2.0.0/denonext/vega-statistics.mjs": "6774dea1474b48b121cf2727651e20241ee1e6b74efd69ef88dcd330b97ef5f8",
    "https://esm.sh/vega-statistics@2.0.0?target=denonext": "a2b09b7027cac127d249fa6f4389a579f7b01a8d23d18dd5206446feb68b1757",
    "https://esm.sh/vega-time@3.0.0/denonext/vega-time.mjs": "82ebf18b764286a558c0ae23327a8cd0c89336450284a9154a9428442499321e",
    "https://esm.sh/vega-time@3.0.0?target=denonext": "28a18e98f96769d02e4fd9263257590f050a95b29531b36ac1089e5a24de7556",
    "https://esm.sh/vega-transforms@5.0.0/denonext/vega-transforms.mjs": "f6bd0815ef328b6d284ca2dc8e126b3c74ca0b8aa839ecd7f397f5b63c2d9bad",
    "https://esm.sh/vega-transforms@5.0.0?target=denonext": "275e25cd3b1e733e4feac85d6ac0a44ce00be7a6c7d04ebe206fcffdf321df8a",
    "https://esm.sh/vega-util@2.0.0/denonext/vega-util.mjs": "5e68f8cc2152cff2aff26f0fd16dd4959894372575a67826b7b58a05b91d746e",
    "https://esm.sh/vega-util@2.0.0?target=denonext": "edc15d1efc1c8bfa571f244ed16e77d9ed6b1f8bb386ec14aeb78a6dbe326704",
    "https://esm.sh/vega-view-transforms@5.0.0/denonext/vega-view-transforms.mjs": "2f2d049f612a8d583ef491aec870515d9d8526cf6974989c88e90f9ec0a475a0",
    "https://esm.sh/vega-view-transforms@5.0.0?target=denonext": "07fce2d310d7278a47aae7d9243a9e54d2fe0eae04032c8fb34c241f74575f4c",
    "https://esm.sh/vega-view@6.0.0/denonext/vega-view.mjs": "307e83a702e8f913996d4969bc313f2bbc6e58778b07f49551509f9d37293b2f",
    "https://esm.sh/vega-view@6.0.0?target=denonext": "0b7c90401245ee66422914ff55c530be7f1646f624f458700d59d2cf0434ff5a",
    "https://esm.sh/vega-voronoi@5.0.0/denonext/vega-voronoi.mjs": "5d89bb05184cdb52db20ed95ee1f606ff31264f572a0ed80730ec3feadf6f617",
    "https://esm.sh/vega-voronoi@5.0.0?target=denonext": "4087ccef16b7625e5cbe9125c433db3a133608fb433b658ab1da8160c442fb21",
    "https://esm.sh/vega-wordcloud@5.0.0/denonext/vega-wordcloud.mjs": "a8c64672e4bb937ebbc01175e8978b031c97c4f6c2930bb22c5cb4e8d85f2dcc",
    "https://esm.sh/vega-wordcloud@5.0.0?target=denonext": "ef9a400a8654d93d208c145d1843e82fe489b5563c48a58b483e7183ab940e55",
    "https://esm.sh/vega@6.1.2/denonext/vega.mjs": "61f4fd67dcce7c159beffad5a1095fd9e50f2d5f8458b38ac0bfe85ee93e723d",
    "https://esm.sh/vega@6.1.2?target=denonext": "a64e276531a4f25febe243c742607d2a73732ab563e06fea6b54ecd87e53ab4c"
  },
  "workspace": {
    "dependencies": [
      "jsr:@deno/gfm@0.8",
      "jsr:@eta-dev/eta@^3.5.0",
      "jsr:@logtape/logtape@0.7",
      "jsr:@luca/esbuild-deno-loader@0.11",
      "jsr:@std/assert@1",
      "jsr:@std/front-matter@1",
      "jsr:@std/fs@1",
      "jsr:@std/http@^1.0.17",
      "jsr:@std/media-types@1",
      "jsr:@std/path@^1.1.0",
      "npm:esbuild@0.24",
      "npm:zod@^3.24.1"
    ]
  }
}
